
Microsoft Visual Studio Solution File, Format Version 12.00
# Visual Studio 15
VisualStudioVersion = 15.0.27004.2009
MinimumVisualStudioVersion = 10.0.40219.1
Project("{9A19103F-16F7-4668-BE54-9A1E7A4F7556}") = "IOC.Core", "IOC.Core\IOC.Core.csproj", "{7084FAFD-F0A5-4653-BC07-54192DB95BD5}"
EndProject
Project("{2150E333-8FDC-42A3-9474-1A3956D46DE8}") = "IOC", "IOC", "{B70D718F-483D-4189-8827-0EFE9932CE4D}"
EndProject
Project("{2150E333-8FDC-42A3-9474-1A3956D46DE8}") = "DI", "DI", "{4AAE2FCA-47E7-43CA-A054-E9FCAF7AE5B2}"
EndProject
Project("{2150E333-8FDC-42A3-9474-1A3956D46DE8}") = "AOP", "AOP", "{B9A99B5E-34F5-4441-BD0B-E9D4C4DD5364}"
EndProject
Project("{9A19103F-16F7-4668-BE54-9A1E7A4F7556}") = "AOP.Core", "..\AOP\AOP.Core\AOP.Core.csproj", "{98F2370E-7E18-4CA1-B303-AB51D0068BC7}"
EndProject
Project("{9A19103F-16F7-4668-BE54-9A1E7A4F7556}") = "EasyDI.Core", "..\DI\EasyDI.Core\EasyDI.Core.csproj", "{41158E5C-8B12-4F2E-BA73-417F12611C5A}"
EndProject
Project("{2150E333-8FDC-42A3-9474-1A3956D46DE8}") = "Test", "Test", "{F3605018-23BC-47BE-A416-EF78CD8159B7}"
EndProject
Project("{9A19103F-16F7-4668-BE54-9A1E7A4F7556}") = "EasyDI.Re", "..\DI\EasyDI.Re\EasyDI.Re.csproj", "{A8547FE9-E524-4B58-9C69-A34A85002A9A}"
EndProject
Project("{9A19103F-16F7-4668-BE54-9A1E7A4F7556}") = "DI.Tests", "..\Test\DI.Tests\DI.Tests.csproj", "{9834CDB8-E2FE-476A-A5FF-E4CFF1611A18}"
EndProject
Project("{9A19103F-16F7-4668-BE54-9A1E7A4F7556}") = "EasyDI.ReV2", "..\DI\EasyDI.ReV2\EasyDI.ReV2.csproj", "{35F5EBE1-6122-4CE1-A3AA-AB1E1EA44AB2}"
EndProject
Project("{FAE04EC0-301F-11D3-BF4B-00C04F79EFBC}") = "EasyDI.Resolve", "DI\EasyDI.Resolve\EasyDI.Resolve.csproj", "{E4431854-3E38-4611-B592-BC1024E3FB7F}"
EndProject
Project("{FAE04EC0-301F-11D3-BF4B-00C04F79EFBC}") = "EasyDI.Interface.Resolve", "DI\EasyDI.Interface.Resolve\EasyDI.Interface.Resolve.csproj", "{E05B2B08-8F81-40AB-8691-CF38C9B18235}"
EndProject
Global
	GlobalSection(SolutionConfigurationPlatforms) = preSolution
		Debug|Any CPU = Debug|Any CPU
		Release|Any CPU = Release|Any CPU
	EndGlobalSection
	GlobalSection(ProjectConfigurationPlatforms) = postSolution
		{7084FAFD-F0A5-4653-BC07-54192DB95BD5}.Debug|Any CPU.ActiveCfg = Debug|Any CPU
		{7084FAFD-F0A5-4653-BC07-54192DB95BD5}.Debug|Any CPU.Build.0 = Debug|Any CPU
		{7084FAFD-F0A5-4653-BC07-54192DB95BD5}.Release|Any CPU.ActiveCfg = Release|Any CPU
		{7084FAFD-F0A5-4653-BC07-54192DB95BD5}.Release|Any CPU.Build.0 = Release|Any CPU
		{98F2370E-7E18-4CA1-B303-AB51D0068BC7}.Debug|Any CPU.ActiveCfg = Debug|Any CPU
		{98F2370E-7E18-4CA1-B303-AB51D0068BC7}.Debug|Any CPU.Build.0 = Debug|Any CPU
		{98F2370E-7E18-4CA1-B303-AB51D0068BC7}.Release|Any CPU.ActiveCfg = Release|Any CPU
		{98F2370E-7E18-4CA1-B303-AB51D0068BC7}.Release|Any CPU.Build.0 = Release|Any CPU
		{41158E5C-8B12-4F2E-BA73-417F12611C5A}.Debug|Any CPU.ActiveCfg = Debug|Any CPU
		{41158E5C-8B12-4F2E-BA73-417F12611C5A}.Debug|Any CPU.Build.0 = Debug|Any CPU
		{41158E5C-8B12-4F2E-BA73-417F12611C5A}.Release|Any CPU.ActiveCfg = Release|Any CPU
		{41158E5C-8B12-4F2E-BA73-417F12611C5A}.Release|Any CPU.Build.0 = Release|Any CPU
		{A8547FE9-E524-4B58-9C69-A34A85002A9A}.Debug|Any CPU.ActiveCfg = Debug|Any CPU
		{A8547FE9-E524-4B58-9C69-A34A85002A9A}.Debug|Any CPU.Build.0 = Debug|Any CPU
		{A8547FE9-E524-4B58-9C69-A34A85002A9A}.Release|Any CPU.ActiveCfg = Release|Any CPU
		{A8547FE9-E524-4B58-9C69-A34A85002A9A}.Release|Any CPU.Build.0 = Release|Any CPU
		{9834CDB8-E2FE-476A-A5FF-E4CFF1611A18}.Debug|Any CPU.ActiveCfg = Debug|Any CPU
		{9834CDB8-E2FE-476A-A5FF-E4CFF1611A18}.Debug|Any CPU.Build.0 = Debug|Any CPU
		{9834CDB8-E2FE-476A-A5FF-E4CFF1611A18}.Release|Any CPU.ActiveCfg = Release|Any CPU
		{9834CDB8-E2FE-476A-A5FF-E4CFF1611A18}.Release|Any CPU.Build.0 = Release|Any CPU
		{35F5EBE1-6122-4CE1-A3AA-AB1E1EA44AB2}.Debug|Any CPU.ActiveCfg = Debug|Any CPU
		{35F5EBE1-6122-4CE1-A3AA-AB1E1EA44AB2}.Debug|Any CPU.Build.0 = Debug|Any CPU
		{35F5EBE1-6122-4CE1-A3AA-AB1E1EA44AB2}.Release|Any CPU.ActiveCfg = Release|Any CPU
		{35F5EBE1-6122-4CE1-A3AA-AB1E1EA44AB2}.Release|Any CPU.Build.0 = Release|Any CPU
		{E4431854-3E38-4611-B592-BC1024E3FB7F}.Debug|Any CPU.ActiveCfg = Debug|Any CPU
		{E4431854-3E38-4611-B592-BC1024E3FB7F}.Debug|Any CPU.Build.0 = Debug|Any CPU
		{E4431854-3E38-4611-B592-BC1024E3FB7F}.Release|Any CPU.ActiveCfg = Release|Any CPU
		{E4431854-3E38-4611-B592-BC1024E3FB7F}.Release|Any CPU.Build.0 = Release|Any CPU
		{E05B2B08-8F81-40AB-8691-CF38C9B18235}.Debug|Any CPU.ActiveCfg = Debug|Any CPU
		{E05B2B08-8F81-40AB-8691-CF38C9B18235}.Debug|Any CPU.Build.0 = Debug|Any CPU
		{E05B2B08-8F81-40AB-8691-CF38C9B18235}.Release|Any CPU.ActiveCfg = Release|Any CPU
		{E05B2B08-8F81-40AB-8691-CF38C9B18235}.Release|Any CPU.Build.0 = Release|Any CPU
	EndGlobalSection
	GlobalSection(SolutionProperties) = preSolution
		HideSolutionNode = FALSE
	EndGlobalSection
	GlobalSection(NestedProjects) = preSolution
		{7084FAFD-F0A5-4653-BC07-54192DB95BD5} = {B70D718F-483D-4189-8827-0EFE9932CE4D}
		{98F2370E-7E18-4CA1-B303-AB51D0068BC7} = {B9A99B5E-34F5-4441-BD0B-E9D4C4DD5364}
		{41158E5C-8B12-4F2E-BA73-417F12611C5A} = {4AAE2FCA-47E7-43CA-A054-E9FCAF7AE5B2}
		{A8547FE9-E524-4B58-9C69-A34A85002A9A} = {4AAE2FCA-47E7-43CA-A054-E9FCAF7AE5B2}
		{9834CDB8-E2FE-476A-A5FF-E4CFF1611A18} = {F3605018-23BC-47BE-A416-EF78CD8159B7}
		{35F5EBE1-6122-4CE1-A3AA-AB1E1EA44AB2} = {4AAE2FCA-47E7-43CA-A054-E9FCAF7AE5B2}
		{E4431854-3E38-4611-B592-BC1024E3FB7F} = {4AAE2FCA-47E7-43CA-A054-E9FCAF7AE5B2}
		{E05B2B08-8F81-40AB-8691-CF38C9B18235} = {4AAE2FCA-47E7-43CA-A054-E9FCAF7AE5B2}
	EndGlobalSection
	GlobalSection(ExtensibilityGlobals) = postSolution
		SolutionGuid = {14E4C672-1DD8-4808-A540-CF8B1A708243}
	EndGlobalSection
EndGlobal
